
Microsoft Visual Studio Solution File, Format Version 12.00
# Visual Studio Version 16
VisualStudioVersion = 16.0.30503.244
MinimumVisualStudioVersion = 10.0.40219.1
Project("{FAE04EC0-301F-11D3-BF4B-00C04F79EFBC}") = "H1-ProgrammingTest", "H1-ProgrammingTest.csproj", "{6127E276-0005-4D1E-8484-5D4F7772C455}"
EndProject
Global
	GlobalSection(SolutionConfigurationPlatforms) = preSolution
		Debug|Any CPU = Debug|Any CPU
		Release|Any CPU = Release|Any CPU
	EndGlobalSection
	GlobalSection(ProjectConfigurationPlatforms) = postSolution
		{6127E276-0005-4D1E-8484-5D4F7772C455}.Debug|Any CPU.ActiveCfg = Debug|Any CPU
		{6127E276-0005-4D1E-8484-5D4F7772C455}.Debug|Any CPU.Build.0 = Debug|Any CPU
		{6127E276-0005-4D1E-8484-5D4F7772C455}.Release|Any CPU.ActiveCfg = Release|Any CPU
		{6127E276-0005-4D1E-8484-5D4F7772C455}.Release|Any CPU.Build.0 = Release|Any CPU
	EndGlobalSection
	GlobalSection(SolutionProperties) = preSolution
		HideSolutionNode = FALSE
	EndGlobalSection
	GlobalSection(ExtensibilityGlobals) = postSolution
		SolutionGuid = {BF54A3D4-DA73-4713-8DF1-EA004E93FA86}
	EndGlobalSection
EndGlobal
